
Microsoft Visual Studio Solution File, Format Version 12.00
# Visual Studio 15
VisualStudioVersion = 15.0.27130.2026
MinimumVisualStudioVersion = 10.0.40219.1
Project("{FAE04EC0-301F-11D3-BF4B-00C04F79EFBC}") = "TimeTracker", "TimeTracker\TimeTracker.csproj", "{986A123B-73F5-4101-85D9-07F688932756}"
EndProject
Global
	GlobalSection(SolutionConfigurationPlatforms) = preSolution
		Debug|Any CPU = Debug|Any CPU
		Release|Any CPU = Release|Any CPU
	EndGlobalSection
	GlobalSection(ProjectConfigurationPlatforms) = postSolution
		{986A123B-73F5-4101-85D9-07F688932756}.Debug|Any CPU.ActiveCfg = Debug|Any CPU
		{986A123B-73F5-4101-85D9-07F688932756}.Debug|Any CPU.Build.0 = Debug|Any CPU
		{986A123B-73F5-4101-85D9-07F688932756}.Release|Any CPU.ActiveCfg = Release|Any CPU
		{986A123B-73F5-4101-85D9-07F688932756}.Release|Any CPU.Build.0 = Release|Any CPU
	EndGlobalSection
	GlobalSection(SolutionProperties) = preSolution
		HideSolutionNode = FALSE
	EndGlobalSection
	GlobalSection(ExtensibilityGlobals) = postSolution
		SolutionGuid = {5B967821-271D-41DC-A7BD-24FADD27A4D6}
	EndGlobalSection
EndGlobal
